
Microsoft Visual Studio Solution File, Format Version 12.00
# Visual Studio 15
VisualStudioVersion = 15.0.26430.12
MinimumVisualStudioVersion = 10.0.40219.1
Project("{FAE04EC0-301F-11D3-BF4B-00C04F79EFBC}") = "PeakMerge", "PeakMerge\PeakMerge.csproj", "{FDD25525-655B-47B2-8957-0C78B8ABE986}"
EndProject
Global
	GlobalSection(SolutionConfigurationPlatforms) = preSolution
		Debug|Any CPU = Debug|Any CPU
		Release|Any CPU = Release|Any CPU
	EndGlobalSection
	GlobalSection(ProjectConfigurationPlatforms) = postSolution
		{FDD25525-655B-47B2-8957-0C78B8ABE986}.Debug|Any CPU.ActiveCfg = Debug|Any CPU
		{FDD25525-655B-47B2-8957-0C78B8ABE986}.Debug|Any CPU.Build.0 = Debug|Any CPU
		{FDD25525-655B-47B2-8957-0C78B8ABE986}.Release|Any CPU.ActiveCfg = Release|Any CPU
		{FDD25525-655B-47B2-8957-0C78B8ABE986}.Release|Any CPU.Build.0 = Release|Any CPU
	EndGlobalSection
	GlobalSection(SolutionProperties) = preSolution
		HideSolutionNode = FALSE
	EndGlobalSection
EndGlobal
